capnproto.org/go/capnp/v3 v3.0.1-alpha.2/go.mod h1:2vT5D2dtG8sJGEoEKU17e+j7shdaYp1Myl8X03B3hmc=
filippo.io/hpke v0.4.0/go.mod h1:EmAN849/P3qdeK+PCMkDpDm83vRHM5cDipBJ8xbQLVY=
github.com/ALTree/bigfloat v0.2.0/go.mod h1:+NaH2gLeY6RPBPPQf4aRotPPStg+eXc8f9ZaE4vRfD4=
github.com/Azure/azure-sdk-for-go/sdk/azcore v1.21.0/go.mod h1:t76Ruy8AHvUAC8GfMWJMa0ElSbuIcO03NLpynfbgsPA=
github.com/Azure/azure-sdk-for-go/sdk/internal v1.12.0/go.mod h1:7dCRMLwisfRH3dBupKeNCioWYUZ4SS09Z14H+7i8ZoY=
github.com/Azure/azure-sdk-for-go/sdk/storage/azblob v1.6.4/go.mod h1:8mwH4klAm9DUgR2EEHyEEAQlRDvLPyg5fQry3y+cDew=
github.com/DataDog/zstd v1.5.7/go.mod h1:g4AWEaM3yOg3HYfnJ3YIawPnVdXJh9QME85blwSAmyw=
github.com/Masterminds/semver/v3 v3.4.0/go.mod h1:4V+yj/TJE1HU9XfppCwVMZq3I84lprf4nC11bSS5beM=
github.com/Microsoft/go-winio v0.6.2/go.mod h1:yd8OoFMLzJbo9gZq8j5qaps8bJ9aShtEA8Ipt1oGCvU=
github.com/ProjectZKM/Ziren/crates/go-runtime/zkvm_runtime v0.0.0-20260215031811-a0ab0b218a81/go.mod h1:ioLG6R+5bUSO1oeGSDxOV3FADARuMoytZCSX6MEMQkI=
github.com/apapsch/go-jsonmerge/v2 v2.0.0/go.mod h1:lvDnEdqiQrp0O42VQGgmlKpxL1AP2+08jFMw88y4klk=
github.com/aws/aws-sdk-go-v2 v1.41.5/go.mod h1:mwsPRE8ceUUpiTgF7QmQIJ7lgsKUPQOUl3o72QBrE1o=
github.com/aws/aws-sdk-go-v2/aws/protocol/eventstream v1.7.5/go.mod h1:nVUlMLVV8ycXSb7mSkcNu9e3v/1TJq2RTlrPwhYWr5c=
github.com/aws/aws-sdk-go-v2/config v1.32.13/go.mod h1:8zz7wedqtCbw5e9Mi2doEwDyEgHcEE9YOJp6a8jdSMY=
github.com/aws/aws-sdk-go-v2/credentials v1.19.13/go.mod h1:yoTXOQKea18nrM69wGF9jBdG4WocSZA1h38A+t/MAsk=
github.com/aws/aws-sdk-go-v2/feature/ec2/imds v1.18.21/go.mod h1:YWNWJQNjKigKY1RHVJCuupeWDrrHjRqHm0N9rdrWzYI=
github.com/aws/aws-sdk-go-v2/internal/configsources v1.4.21/go.mod h1:A/kJFst/nm//cyqonihbdpQZwiUhhzpqTsdbhDdRF9c=
github.com/aws/aws-sdk-go-v2/internal/endpoints/v2 v2.7.21/go.mod h1:p+hz+PRAYlY3zcpJhPwXlLC4C+kqn70WIHwnzAfs6ps=
github.com/aws/aws-sdk-go-v2/internal/ini v1.8.6/go.mod h1:O3h0IK87yXci+kg6flUKzJnWeziQUKciKrLjcatSNcY=
github.com/aws/aws-sdk-go-v2/internal/v4a v1.4.18/go.mod h1:CCXwUKAJdoWr6/NcxZ+zsiPr6oH/Q5aTooRGYieAyj4=
github.com/aws/aws-sdk-go-v2/service/internal/accept-encoding v1.13.7/go.mod h1:x0nZssQ3qZSnIcePWLvcoFisRXJzcTVvYpAAdYX8+GI=
github.com/aws/aws-sdk-go-v2/service/internal/checksum v1.9.10/go.mod h1:Kzm5e6OmNH8VMkgK9t+ry5jEih4Y8whqs+1hrkxim1I=
github.com/aws/aws-sdk-go-v2/service/internal/presigned-url v1.13.21/go.mod h1:r6+pf23ouCB718FUxaqzZdbpYFyDtehyZcmP5KL9FkA=
github.com/aws/aws-sdk-go-v2/service/internal/s3shared v1.19.18/go.mod h1:hWe9b4f+djUQGmyiGEeOnZv69dtMSgpDRIvNMvuvzvY=
github.com/aws/aws-sdk-go-v2/service/route53 v1.62.5/go.mod h1:TmxGowuBYwjmHFOsEDxaZdsQE62JJzOmtiWafTi/czg=
github.com/aws/aws-sdk-go-v2/service/s3 v1.96.2/go.mod h1:KsdTV6Q9WKUZm2mNJnUFmIoXfZux91M3sr/a4REX8e0=
github.com/aws/aws-sdk-go-v2/service/signin v1.0.9/go.mod h1:7yuQJoT+OoH8aqIxw9vwF+8KpvLZ8AWmvmUWHsGQZvI=
github.com/aws/aws-sdk-go-v2/service/sso v1.30.14/go.mod h1:WSvS1NLr7JaPunCXqpJnWk1Bjo7IxzZXrZi1QQCkuqM=
github.com/aws/aws-sdk-go-v2/service/ssooidc v1.35.18/go.mod h1:YO8TrYtFdl5w/4vmjL8zaBSsiNp3w0L1FfKVKenZT7w=
github.com/aws/aws-sdk-go-v2/service/sts v1.41.10/go.mod h1:60dv0eZJfeVXfbT1tFJinbHrDfSJ2GZl4Q//OSSNAVw=
github.com/aws/smithy-go v1.24.2/go.mod h1:YE2RhdIuDbA5E5bTdciG9KrW3+TiEONeUWCqxX9i1Fc=
github.com/beorn7/perks v1.0.1/go.mod h1:G2ZrVWU2WbWT9wwq4/hrbKbnv/1ERSJQ0ibhJ6rlkpw=
github.com/bits-and-blooms/bitset v1.24.4/go.mod h1:7hO7Gc7Pp1vODcmWvKMRA9BNmbv6a/7QIWpPxHddWR8=
github.com/btcsuite/btcd/btcutil v1.1.6/go.mod h1:9dFymx8HpuLqBnsPELrImQeTQfKBQqzqGbbV3jK55aE=
github.com/bwesterb/go-ristretto v1.2.3/go.mod h1:fUIoIZaG73pV5biE2Blr2xEzDoMj7NFEuV9ekS419A0=
github.com/cenkalti/backoff v2.2.1+incompatible h1:tNowT99t7UNflLxfYYSlKYsBpXdEet03Pg2g16Swow4=
github.com/cenkalti/backoff v2.2.1+incompatible/go.mod h1:90ReRw6GdpyfrHakVjL/QHaoyV4aDUVVkXQJJJ3NXXM=
github.com/cespare/cp v0.1.0/go.mod h1:SOGHArjBr4JWaSDEVpWpo/hNg6RoKrls6Oh40hiwW+s=
github.com/cespare/xxhash/v2 v2.3.0/go.mod h1:VGX0DQ3Q6kWi7AoAeZDth3/j3BFtOZR5XLFGgcrjCOs=
github.com/clipperhouse/uax29/v2 v2.7.0/go.mod h1:EFJ2TJMRUaplDxHKj1qAEhCtQPW2tJSwu5BF98AuoVM=
github.com/cloudflare/circl v1.6.3 h1:9GPOhQGF9MCYUeXyMYlqTR6a5gTrgR/fBLXvUgtVcg8=
github.com/cloudflare/circl v1.6.3/go.mod h1:2eXP6Qfat4O/Yhh8BznvKnJ+uzEoTQ6jVKJRn81BiS4=
github.com/cloudflare/cloudflare-go v0.116.0/go.mod h1:Ds6urDwn/TF2uIU24mu7H91xkKP8gSAHxQ44DSZgVmU=
github.com/cockroachdb/errors v1.12.0/go.mod h1:SvzfYNNBshAVbZ8wzNc/UPK3w1vf0dKDUP41ucAIf7g=
github.com/cockroachdb/fifo v0.0.0-20240816210425-c5d0cb0b6fc0/go.mod h1:9/y3cnZ5GKakj/H4y9r9GTjCvAFta7KLgSHPJJYc52M=
github.com/cockroachdb/logtags v0.0.0-20241215232642-bb51bb14a506/go.mod h1:Mw7HqKr2kdtu6aYGn3tPmAftiP3QPX63LdK/zcariIo=
github.com/cockroachdb/pebble v1.1.5/go.mod h1:17wO9el1YEigxkP/YtV8NtCivQDgoCyBg5c4VR/eOWo=
github.com/cockroachdb/redact v1.1.8/go.mod h1:GceHHpJ0rMDpYARL5In88Alq/xMBUtVlz7Qxix6ZVkw=
github.com/cockroachdb/tokenbucket v0.0.0-20250429170803-42689b6311bb/go.mod h1:7nc4anLGjupUW/PeY5qiNYsdNXj7zopG+eqsS7To5IQ=
github.com/consensys/gnark-crypto v0.20.1/go.mod h1:RBWrSgy+IDbGR69RRV313th3M/aZU1ubk2om+qHuTSc=
github.com/cpuguy83/go-md2man/v2 v2.0.7/go.mod h1:oOW0eioCTA6cOiMLiUPZOpcVxMig6NIQQ7OS05n1F4g=
github.com/crate-crypto/go-eth-kzg v1.5.0/go.mod h1:J9/u5sWfznSObptgfa92Jq8rTswn6ahQWEuiLHOjCUI=
github.com/davecgh/go-spew v1.1.2-0.20180830191138-d8f796af33cc h1:U9qPSI2PIWSS1VwoXQT9A3Wy9MM3WgvqSxFWenqJduM=
github.com/davecgh/go-spew v1.1.2-0.20180830191138-d8f796af33cc/go.mod h1:J7Y8YcW2NihsgmVo/mv3lAwl/skON4iLHjSsI+c5H38=
github.com/dchest/siphash v1.2.3/go.mod h1:0NvQU092bT0ipiFN++/rXm69QG9tVxLAlQHIXMPAkHc=
github.com/deckarep/golang-set/v2 v2.8.0/go.mod h1:VAky9rY/yGXJOLEDv3OMci+7wtDpOF4IN+y82NBOac4=
github.com/decred/dcrd/crypto/blake256 v1.1.0 h1:zPMNGQCm0g4QTY27fOCorQW7EryeQ/U0x++OzVrdms8=
github.com/decred/dcrd/crypto/blake256 v1.1.0/go.mod h1:2OfgNZ5wDpcsFmHmCK5gZTPcCXqlm2ArzUIkw9czNJo=
github.com/decred/dcrd/dcrec/secp256k1/v4 v4.4.1 h1:5RVFMOWjMyRy8cARdy79nAmgYw3hK/4HUq48LQ6Wwqo=
github.com/decred/dcrd/dcrec/secp256k1/v4 v4.4.1/go.mod h1:ZXNYxsqcloTdSy/rNShjYzMhyjf0LaoftYK0p+A3h40=
github.com/dgraph-io/badger/v4 v4.9.0/go.mod h1:5/MEx97uzdPUHR4KtkNt8asfI2T4JiEiQlV7kWUo8c0=
github.com/dgraph-io/ristretto/v2 v2.4.0/go.mod h1:0KsrXtXvnv0EqnzyowllbVJB8yBonswa2lTCK2gGo9E=
github.com/dlclark/regexp2 v1.11.5/go.mod h1:DHkYz0B9wPfa6wondMfaivmHpzrQ3v9q8cnmRbL6yW8=
github.com/donovanhide/eventsource v0.0.0-20210830082556-c59027999da0/go.mod h1:56wL82FO0bfMU5RvfXoIwSOP2ggqqxT+tAfNEIyxuHw=
github.com/dop251/goja v0.0.0-20260311135729-065cd970411c/go.mod h1:MxLav0peU43GgvwVgNbLAj1s/bSGboKkhuULvq/7hx4=
github.com/dustin/go-humanize v1.0.1/go.mod h1:Mu1zIs6XwVuF/gI1OepvI0qD18qycQx+mFykh5fBlto=
github.com/emicklei/dot v1.11.0/go.mod h1:DeV7GvQtIw4h2u73RKBkkFdvVAz0D9fzeJrgPW6gy/s=
github.com/ethereum/c-kzg-4844/v2 v2.1.7/go.mod h1:8HMkUZ5JRv4hpw/XUrYWSQNAUzhHMg2UDb/U+5m+XNw=
github.com/ethereum/go-bigmodexpfix v0.0.0-20250911101455-f9e208c548ab/go.mod h1:IuLm4IsPipXKF7CW5Lzf68PIbZ5yl7FFd74l/E0o9A8=
github.com/fatih/color v1.19.0/go.mod h1:zNk67I0ZUT1bEGsSGyCZYZNrHuTkJJB+r6Q9VuMi0LE=
github.com/ferranbt/fastssz v1.0.0/go.mod h1:Ea3+oeoRGGLGm5shYAeDgu6PGUlcvQhE2fILyD9+tGg=
github.com/fjl/gencodec v0.1.1/go.mod h1:chDHL3wKXuBgauP8x3XNZkl5EIAR5SoCTmmmDTZRzmw=
github.com/fsnotify/fsnotify v1.9.0/go.mod h1:8jBTzvmWwFyi3Pb8djgCCO5IBqzKJ/Jwo8TRcHyHii0=
github.com/garslo/gogen v0.0.0-20170306192744-1d203ffc1f61/go.mod h1:Q0X6pkwTILDlzrGEckF6HKjXe48EgsY/l7K7vhY4MW8=
github.com/gballet/go-libpcsclite v0.0.0-20250918194357-1ec6f2e601c6/go.mod h1:3IVE7v4II2gS2V5amIH7F7NeYQtbbORtQtjdflgS1vk=
github.com/getsentry/sentry-go v0.44.1/go.mod h1:XDotiNZbgf5U8bPDUAfvcFmOnMQQceESxyKaObSssW0=
github.com/go-ini/ini v1.67.0/go.mod h1:ByCAeIL28uOIIG0E3PJtZPDL8WnHpFKFOtgjp+3Ies8=
github.com/go-logr/logr v1.4.3/go.mod h1:9T104GzyrTigFIr8wt5mBrctHMim0Nb2HLGrmQ40KvY=
github.com/go-logr/stdr v1.2.2/go.mod h1:mMo/vtBO5dYbehREoey6XUKy/eSumjCCveDpRre4VKE=
github.com/go-ole/go-ole v1.3.0/go.mod h1:5LS6F96DhAwUc7C+1HLexzMXY1xGRSryjyPPKW6zv78=
github.com/go-sourcemap/sourcemap v2.1.4+incompatible/go.mod h1:F8jJfvm2KbVjc5NqelyYJmf/v5J0dwNLS2mL4sNA1Jg=
github.com/goccy/go-json v0.10.6/go.mod h1:oq7eo15ShAhp70Anwd5lgX2pLfOS3QCiwU/PULtXL6M=
github.com/gofrs/flock v0.13.0/go.mod h1:jxeyy9R1auM5S6JYDBhDt+E2TCo7DkratH4Pgi8P+Z0=
github.com/gogo/protobuf v1.3.2/go.mod h1:P1XiOD3dCwIKUDQYPy72D8LYyHL2YPYrpS2s69NZV8Q=
github.com/golang-jwt/jwt/v4 v4.5.2/go.mod h1:m21LjoU+eqJr34lmDMbreY2eSTRJ1cv77w39/MY0Ch0=
github.com/golang-jwt/jwt/v5 v5.3.1/go.mod h1:fxCRLWMO43lRc8nhHWY6LGqRcf+1gQWArsqaEUEa5bE=
github.com/golang/protobuf v1.5.0/go.mod h1:FsONVRAS9T7sI+LIUmWTfcYkHO4aIWwzhcaSAoJOfIk=
github.com/golang/snappy v1.0.0/go.mod h1:/XxbfmMg8lxefKM7IXC3fBNl/7bRcc72aCRzEWrmP2Q=
github.com/google/btree v1.1.3/go.mod h1:qOPhT0dTNdNzV6Z/lhRX0YXUafgPLFUh+gZMl761Gm4=
github.com/google/flatbuffers v25.12.19+incompatible/go.mod h1:1AeVuKshWv4vARoZatz6mlQ0JxURH0Kv5+zNeJKJCa8=
github.com/google/go-cmp v0.7.0 h1:wk8382ETsv4JYUZwIsn6YpYiWiBsYLSJiTsyBybVuN8=
github.com/google/go-cmp v0.7.0/go.mod h1:pXiqmnSA92OHEEa9HXL2W4E7lf9JzCmGVUdgjX3N/iU=
github.com/google/go-querystring v1.2.0/go.mod h1:8IFJqpSRITyJ8QhQ13bmbeMBDfmeEJZD5A0egEOmkqU=
github.com/google/gofuzz v1.2.0/go.mod h1:dBl0BpW6vV/+mYPU4Po3pmUjxk6FQPldtuIdl/M65Eg=
github.com/google/pprof v0.0.0-20260302011040-a15ffb7f9dcc/go.mod h1:MxpfABSjhmINe3F1It9d+8exIHFvUqtLIRCdOGNXqiI=
github.com/google/renameio/v2 v2.0.2/go.mod h1:OX+G6WHHpHq3NVj7cAOleLOwJfcQ1s3uUJQCrr78SWo=
github.com/google/uuid v1.6.0/go.mod h1:TIyPZe4MgqvfeYDBFedMoGGpEw/LqOeaOT+nhxU+yHo=
github.com/gorilla/rpc v1.2.1 h1:yC+LMV5esttgpVvNORL/xX4jvTTEUE30UZhZ5JF7K9k=
github.com/gorilla/rpc v1.2.1/go.mod h1:uNpOihAlF5xRFLuTYhfR0yfCTm0WTQSQttkMSptRfGk=
github.com/gorilla/websocket v1.5.4-0.20250319132907-e064f32e3674/go.mod h1:r4w70xmWCQKmi1ONH4KIaBptdivuRPyosB9RmPlGEwA=
github.com/grandcat/zeroconf v1.0.0 h1:uHhahLBKqwWBV6WZUDAT71044vwOTL+McW0mBJvo6kE=
github.com/grandcat/zeroconf v1.0.0/go.mod h1:lTKmG1zh86XyCoUeIHSA4FJMBwCJiQmGfcP2PdzytEs=
github.com/graph-gophers/graphql-go v1.9.0/go.mod h1:23olKZ7duEvHlF/2ELEoSZaY1aNPfShjP782SOoNTyM=
github.com/hanzoai/vfs v0.4.1/go.mod h1:8AzyntfZgjK6iiB4A+xPestHgSAGUEHMthTkhACRIjM=
github.com/hashicorp/go-bexpr v0.1.16/go.mod h1:HGKbAByHn2aJWUV47gL7+IjLK79iU3EZIbOwCXJZLoE=
github.com/herumi/bls-eth-go-binary v1.37.0 h1:EaLF+MWndrF3Vbd9VkbG0T9tad3wBbGwh+6kCYcY5QA=
github.com/herumi/bls-eth-go-binary v1.37.0/go.mod h1:luAnRm3OsMQeokhGzpYmc0ZKwawY7o87PUEP11Z7r7U=
github.com/holiman/billy v0.0.0-20250707135307-f2f9b9aae7db/go.mod h1:xTEYN9KCHxuYHs+NmrmzFcnvHMzLLNiGFafCb1n3Mfg=
github.com/holiman/bloomfilter/v2 v2.0.3/go.mod h1:zpoh+gs7qcpqrHr3dB55AMiJwo0iURXE7ZOP9L9hSkA=
github.com/holiman/uint256 v1.3.2 h1:a9EgMPSC1AAaj1SZL5zIQD3WbwTuHrMGOerLjGmM/TA=
github.com/holiman/uint256 v1.3.2/go.mod h1:EOMSn4q6Nyt9P6efbI3bueV4e1b3dGlUCXeiRV4ng7E=
github.com/huin/goupnp v1.3.0/go.mod h1:gnGPsThkYa7bFi/KWmEysQRf48l2dvR5bxr2OFckNX8=
github.com/influxdata/influxdb-client-go/v2 v2.14.0/go.mod h1:Ahpm3QXKMJslpXl3IftVLVezreAUtBOTZssDrjZEFHI=
github.com/influxdata/influxdb1-client v0.0.0-20220302092344-a9ab5670611c/go.mod h1:qj24IKcXYK6Iy9ceXlo3Tc+vtHo9lIhSX5JddghvEPo=
github.com/influxdata/line-protocol v0.0.0-20210922203350-b1ad95c89adf/go.mod h1:xaLFMmpvUxqXtVkUJfg9QmT88cDaCJ3ZKgdZ78oO8Qo=
github.com/jackpal/go-nat-pmp v1.0.2/go.mod h1:QPH045xvCAeXUZOxsnwmrtiCoxIr9eob+4orBN1SBKc=
github.com/jedisct1/go-minisign v0.0.0-20241212093149-d2f9f49435c7/go.mod h1:BMxO138bOokdgt4UaxZiEfypcSHX0t6SIFimVP1oRfk=
github.com/kilic/bls12-381 v0.1.1-0.20220929213557-ca162e8a70f4 h1:xWK4TZ4bRL05WQUU/3x6TG1l+IYAqdXpAeSLt/zZJc4=
github.com/kilic/bls12-381 v0.1.1-0.20220929213557-ca162e8a70f4/go.mod h1:tlkavyke+Ac7h8R3gZIjI5LKBcvMlSWnXNMgT3vZXo8=
github.com/klauspost/compress v1.18.6/go.mod h1:cwPg85FWrGar70rWktvGQj8/hthj3wpl0PGDogxkrSQ=
github.com/klauspost/cpuid/v2 v2.3.0/go.mod h1:hqwkgyIinND0mEev00jJYCxPNVRVXFQeu1XKlok6oO0=
github.com/klauspost/crc32 v1.3.0/go.mod h1:D7kQaZhnkX/Y0tstFGf8VUzv2UofNGqCjnC3zdHB0Hw=
github.com/kr/pretty v0.3.1/go.mod h1:hoEshYVHaxMs3cyo3Yncou5ZscifuDolrwPKZanG3xk=
github.com/kr/text v0.2.0/go.mod h1:eLer722TekiGuMkidMxC/pM04lWEeraHUUmBw8l2grE=
github.com/kylelemons/godebug v1.1.0/go.mod h1:9/0rRGxNHcop5bhtWyNeEfOS8JIWk580+fNqagV/RAw=
github.com/luxfi/accel v1.1.9 h1:Tsk6gXj2uKE19501bD0ajRYdeCHIlTGb6jYyLc+F8hc=
github.com/luxfi/accel v1.1.9/go.mod h1:K00BcnLzEYMPHwCFq8Tf/450ApmTs9xBVvYOnofJCkc=
github.com/luxfi/age v1.5.0/go.mod h1:iAYAxgvrXxcy746+Ovh/eWWDuF9teJLNcCSSOX9RYW0=
github.com/luxfi/atomic v1.0.0/go.mod h1:0G2mTlQ6TXWHICUHrUUPu1/qAiIyR4gSZ2tva9ci/bI=
github.com/luxfi/cache v1.2.1 h1:kAzOS55/hmYeNKR+0HAKv4ma48Y6JjkI8UQeqdZ8bfI=
github.com/luxfi/cache v1.2.1/go.mod h1:co7JTxZZHpKT31Yh01LFp5aZOxmoUg157FhBLQdQHVU=
github.com/luxfi/codec v1.1.4/go.mod h1:oGQ3j6E8c2P0pL0irYtWkrB1hmDUFIE0puXHK4gV5KI=
github.com/luxfi/compress v0.0.5/go.mod h1:Cc1yxD2pfzrvpO32W2GDwLKff+CylHEvzZh2Ko8RSIU=
github.com/luxfi/concurrent v0.0.3/go.mod h1:Aj/FR5NpM0cB2P4Nt3+tz9+dV6V+LUW4HuMgSjwq5hw=
github.com/luxfi/consensus v1.25.15/go.mod h1:cBj4bELXj1hfB+cHHlAdAQ7oDtS1RzNPgftniakrF9Q=
github.com/luxfi/constants v1.5.8/go.mod h1:Pu5jWHdnUtQRbWC43yTUjU/pbIIKMDOd2a2yroSfo48=
github.com/luxfi/container v0.0.4 h1:BXhF82WyfqVP5mjlNcr7tP0Fcnvl0Ap1rkiu+rq5XuM=
github.com/luxfi/container v0.0.4/go.mod h1:Z3SpmMF5d4t77MM0nHYXURpn+EMVaeu1fhbd/3BGaek=
github.com/luxfi/corona v0.10.3/go.mod h1:xe5qRir0p+FA6eETpyGDv4LjYySg1zVB13kmHpy9x94=
github.com/luxfi/crypto v1.19.17 h1:l2LLu7UFyICtJVfraLDLRi+lFGiDXKHSL18M9/m1gsQ=
github.com/luxfi/crypto v1.19.17/go.mod h1:INjdZtke85k8hX/QAmTMAY8bbZ4gzGZQLqURg3xf6Gk=
github.com/luxfi/crypto/ipa v1.2.4/go.mod h1:43J6f6rcfUMrZt4cQectMOZb6Ps+fAEj8ZTPC3Kk+gE=
github.com/luxfi/database v1.19.3/go.mod h1:S/LvmfzNYWVNslcEcZwDrntqUO2ksaL8ql1nRmLUA/Q=
github.com/luxfi/filesystem v0.0.1/go.mod h1:OQVSU6XNwqrr1AI+MqkID2taHUclx7NYmmr3svgttec=
github.com/luxfi/geth v1.19.0 h1:TVIhzSBYclxvWFfrf9eaGFBOun1eawmTnnYz6m1MZV8=
github.com/luxfi/geth v1.19.0/go.mod h1:GV5bIMEgWviRN+jPXERyVpI16H3iHqPcdIokDoZdrvU=
github.com/luxfi/hid v0.9.3/go.mod h1:XJ/7DZAHf5dggm3zWNbitKuFGB7J96b4iX+8NO3BsnY=
github.com/luxfi/ids v1.2.15 h1:omE+E4+0Poj9DzM11ejSFgteaSQ3KDHi5g54iH6jcxI=
github.com/luxfi/ids v1.2.15/go.mod h1:Fj73K5xcblvdE0SxU/ip+jE8VqNdu+80548su5KJ7xI=
github.com/luxfi/lattice/v7 v7.1.4/go.mod h1:DmIQFi3mJiehVsR235l1NKYEU0JhU649OX5p7gMEW2c=
github.com/luxfi/log v1.4.3/go.mod h1:myIkufyiQomSQH34K981kbz6cG4WUoerRUh7F4XhlQI=
github.com/luxfi/math v1.4.1 h1:1t9bCCsEqnl9yIKrShlbs80DBKyYTWdnzkVfBqEeO7Q=
github.com/luxfi/math v1.4.1/go.mod h1:QvbRxauQyE1w4lvbcLSe6c8yeJz2Zj1Bq1rayGgs2tA=
github.com/luxfi/math/big v0.1.0 h1:Vz4c0RsZVPdIKPsHPgAJChH/R3p15WHRUz7LkLf+NIQ=
github.com/luxfi/math/big v0.1.0/go.mod h1:BuxSu22RbO93xBLk5Eam5nldFponoJ73xDFz4uJ3Huk=
github.com/luxfi/mdns v0.1.1 h1:g2eRr9AXcziPkkcd24M+Qu9ApEpoKKjfI79QSNqv0rQ=
github.com/luxfi/mdns v0.1.1/go.mod h1:dbp5f3h3aE7CGzwbaWzBM9cwdcekhmSrWhQevgYhhNA=
github.com/luxfi/metric v1.5.8 h1:axPwfq+erOlIue7IJp5g+hMcMtVhYHja9gJAaT3+KNA=
github.com/luxfi/metric v1.5.8/go.mod h1:fO2giazkg4NDtr72JM/QXJBYebplAMeWC1JoZyNDvKw=
github.com/luxfi/mlwe v0.2.1/go.mod h1:DD9EHTeiyh/y0KGGeqL+q9S4n8raeGiGdaG/BQPAvT0=
github.com/luxfi/mock v0.1.1 h1:0HEtIjg1J6CWz+IUyP6rsGqNWTcmxjFnSQIhaDuARwY=
github.com/luxfi/mock v0.1.1/go.mod h1:jo35akl3Vtd8LbzDts8VJ0jmSVycrd1/eBi6g6t5hKU=
github.com/luxfi/p2p v1.21.1/go.mod h1:SsNPR5fPGWWNem9plGWhSmRqyDoysJ3kPAN0zG0g3iw=
github.com/luxfi/pq v1.0.3 h1:pFlQm1+5FuKTDUh2y/23bXWkN4I2Rc5iuxJypwDFFMs=
github.com/luxfi/pq v1.0.3/go.mod h1:8bppZcRElfrVt0n3nYCZW3iX1TvhvzNbdjNdK1irgIE=
github.com/luxfi/precompile v0.5.44/go.mod h1:FYfq9CT8XRmlpjFAtblHAMcpnjByuoM+YpKq/FF9QVk=
github.com/luxfi/runtime v1.1.1/go.mod h1:fmG6+Zxj4wSNlXwiUfDthQDY+SfxVu6S0fX2lL6VbrE=
github.com/luxfi/sampler v1.1.0/go.mod h1:kJa53S3tC9+VSbuV3RFu68MmbCCBlr2UM39LOClQ/Hs=
github.com/luxfi/timer v1.0.1/go.mod h1:PQ15H3AEUfvWVf0kv5WhIGPWmhr9BxBv/VKLyyekpk4=
github.com/luxfi/utils v1.2.0/go.mod h1:T2OCKT1xG9jtKR/gyJQoSkticzrE9WFQ8eohJHGu9Fg=
github.com/luxfi/validators v1.2.0/go.mod h1:GYLulrNXAan23ZlX7sgWVbVnLpUexeB/m2qr2ymsXok=
github.com/luxfi/version v1.0.1/go.mod h1:Y5fPkQ2DB0XRBCxgSPXp4ISzL1/jptKnmFknShRJCyg=
github.com/luxfi/vm v1.2.3/go.mod h1:ZXmw1sKA6GL3Ma3BfYUv5Fzvx3aWu2QMtkxF3lL/3R4=
github.com/luxfi/warp v1.19.3/go.mod h1:kqyk7Fa5mgw1zzMLqjrZWVLuTef35CCW0gOEv10UlZk=
github.com/luxfi/zap v0.7.2 h1:YecWTWNE5PPJXL56sLIkzS8b23bprUwZ5lPAQuLUtTE=
github.com/luxfi/zap v0.7.2/go.mod h1:1k+nwT+JW802YzuPAuf7CxMSGr/qxvbGgGwi5k6X9Ok=
github.com/luxfi/zapdb v1.10.0/go.mod h1:Qukh3hDRD0MnxA6z+a28JTnXhN85AiLLgp6TYr4QAMc=
github.com/mattn/go-colorable v0.1.15/go.mod h1:6LmQG8QLFO4G5z1gPvYEzlUgJ2wF+stgPZH1UqBm1s8=
github.com/mattn/go-isatty v0.0.22/go.mod h1:ZXfXG4SQHsB/w3ZeOYbR0PrPwLy+n6xiMrJlRFqopa4=
github.com/mattn/go-runewidth v0.0.21/go.mod h1:XBkDxAl56ILZc9knddidhrOlY5R/pDhgLpndooCuJAs=
github.com/miekg/dns v1.1.27/go.mod h1:KNUDUusw/aVsxyTYZM1oqvCicbwhgbNgztCETuNZ7xM=
github.com/miekg/dns v1.1.72 h1:vhmr+TF2A3tuoGNkLDFK9zi36F2LS+hKTRW0Uf8kbzI=
github.com/miekg/dns v1.1.72/go.mod h1:+EuEPhdHOsfk6Wk5TT2CzssZdqkmFhf8r+aVyDEToIs=
github.com/minio/crc64nvme v1.1.1/go.mod h1:eVfm2fAzLlxMdUGc0EEBGSMmPwmXD5XiNRpnu9J3bvg=
github.com/minio/md5-simd v1.1.2/go.mod h1:MzdKDxYpY2BT9XQFocsiZf/NKVtR7nkE4RoEpN+20RM=
github.com/minio/minio-go/v7 v7.0.100/go.mod h1:EtGNKtlX20iL2yaYnxEigaIvj0G0GwSDnifnG8ClIdw=
github.com/minio/sha256-simd v1.0.1/go.mod h1:Pz6AKMiUdngCLpeTL/RJY1M9rUuPMYujV5xJjtbRSN8=
github.com/mitchellh/mapstructure v1.5.0/go.mod h1:bFUtVrKA4DC2yAKiSyO/QUcy7e+RRV2QTWOzhPopBRo=
github.com/mitchellh/pointerstructure v1.2.1/go.mod h1:BRAsLI5zgXmw97Lf6s25bs8ohIXc3tViBH44KcwB2g4=
github.com/montanaflynn/stats v0.9.0/go.mod h1:etXPPgVO6n31NxCd9KQUMvCM+ve0ruNzt6R8Bnaayow=
github.com/mr-tron/base58 v1.3.0 h1:K6Y13R2h+dku0wOqKtecgRnBUBPrZzLZy5aIj8lCcJI=
github.com/mr-tron/base58 v1.3.0/go.mod h1:2BuubE67DCSWwVfx37JWNG8emOC0sHEU4/HpcYgCLX8=
github.com/munnerz/goautoneg v0.0.0-20191010083416-a7dc8b61c822/go.mod h1:+n7T8mK8HuQTcFwEeznm/DIxMOiR9yIdICNftLE1DvQ=
github.com/naoina/go-stringutil v0.1.0/go.mod h1:XJ2SJL9jCtBh+P9q5btrd/Ylo8XwT/h1USek5+NqSA0=
github.com/naoina/toml v0.1.2-0.20170918210437-9fafd6967416/go.mod h1:NBIhNtsFMo3G2szEBne+bO4gS192HuIYRqfvOWb4i1E=
github.com/oapi-codegen/runtime v1.3.1/go.mod h1:kOdeacKy7t40Rclb1je37ZLFboFxh+YLy0zaPCMibPY=
github.com/peterh/liner v1.2.2/go.mod h1:xFwJyiKIXJZUKItq5dGHZSTBRAuG/CpeNpWLyiNRNwI=
github.com/philhofer/fwd v1.2.0/go.mod h1:RqIHx9QI14HlwKwm98g9Re5prTQ6LdeRQn+gXJFxsJM=
github.com/pion/dtls/v2 v2.2.12/go.mod h1:d9SYc9fch0CqK90mRk1dC7AkzzpwJj6u2GU3u+9pqFE=
github.com/pion/logging v0.2.4/go.mod h1:DffhXTKYdNZU+KtJ5pyQDjvOAh/GsNSyv1lbkFbe3so=
github.com/pion/stun/v2 v2.0.0/go.mod h1:22qRSh08fSEttYUmJZGlriq9+03jtVmXNODgLccj8GQ=
github.com/pion/transport/v2 v2.2.10/go.mod h1:sq1kSLWs+cHW9E+2fJP95QudkzbK7wscs8yYgQToO5E=
github.com/pion/transport/v3 v3.1.1/go.mod h1:+c2eewC5WJQHiAA46fkMMzoYZSuGzA/7E2FPrOYHctQ=
github.com/pkg/errors v0.9.1 h1:FEBLx1zS214owpjy7qsBeixbURkuhQAwrK5UwLGTwt4=
github.com/pkg/errors v0.9.1/go.mod h1:bwawxfHBFNV+L2hUp1rHADufV3IMtnDRdf1r5NINEl0=
github.com/pmezard/go-difflib v1.0.1-0.20181226105442-5d4384ee4fb2 h1:Jamvg5psRIccs7FGNTlIRMkT8wgtp5eCXdBlqhYGL6U=
github.com/pmezard/go-difflib v1.0.1-0.20181226105442-5d4384ee4fb2/go.mod h1:iKH77koFhYxTK1pcRnkKkqfTogsbg7gZNVY4sRDYZ/4=
github.com/prometheus/client_golang v1.23.2/go.mod h1:Tb1a6LWHB3/SPIzCoaDXI4I8UHKeFTEQ1YCr+0Gyqmg=
github.com/prometheus/client_model v0.6.2/go.mod h1:y3m2F6Gdpfy6Ut/GBsUqTWZqCUvMVzSfMLjcu6wAwpE=
github.com/prometheus/common v0.67.5/go.mod h1:SjE/0MzDEEAyrdr5Gqc6G+sXI67maCxzaT3A2+HqjUw=
github.com/prometheus/procfs v0.20.1/go.mod h1:o9EMBZGRyvDrSPH1RqdxhojkuXstoe4UlK79eF5TGGo=
github.com/protolambda/bls12-381-util v0.1.0/go.mod h1:cdkysJTRpeFeuUVx/TXGDQNMTiRAalk1vQw3TYTHcE4=
github.com/protolambda/go-kzg v0.0.0-20221224134646-c91cee5e954e h1:Wed8Zc7HuSVNDJQy6ybac5/1fpRoyhMDcPvGlMjyIiY=
github.com/protolambda/go-kzg v0.0.0-20221224134646-c91cee5e954e/go.mod h1:7EhkBJFo/qJ9sToiW5baPqbyPo/TadVHn4iNdpwEW/w=
github.com/protolambda/zrnt v0.34.1/go.mod h1:A0fezkp9Tt3GBLATSPIbuY4ywYESyAuc/FFmPKg8Lqs=
github.com/protolambda/ztyp v0.2.2/go.mod h1:9bYgKGqg3wJqT9ac1gI2hnVb0STQq7p/1lapqrqY1dU=
github.com/rogpeppe/go-internal v1.14.1/go.mod h1:MaRKkUm5W0goXpeCfT7UZI6fk/L7L7so1lCWt35ZSgc=
github.com/rs/cors v1.11.1/go.mod h1:XyqrcTp5zjWr1wsJ8PIRZssZ8b/WMcMf71DJnit4EMU=
github.com/rs/xid v1.6.0/go.mod h1:7XoLgs4eV+QndskICGsho+ADou8ySMSjJKDIan90Nz0=
github.com/russross/blackfriday/v2 v2.1.0/go.mod h1:+Rmxgy9KzJVeS9/2gXHxylqXiyQDYRxCVz55jmeOWTM=
github.com/sanity-io/litter v1.5.5/go.mod h1:9gzJgR2i4ZpjZHsKvUXIRQVk7P+yM3e+jAF7bU2UI5U=
github.com/shirou/gopsutil v3.21.11+incompatible/go.mod h1:5b4v6he4MtMOwMlS0TUMTu2PcXUg8+E1lC7eC3UO/RA=
github.com/spaolacci/murmur3 v1.1.0/go.mod h1:JwIasOWyU6f++ZhiEuf87xNszmSA2myDM2Kzu9HwQUA=
github.com/status-im/keycard-go v0.3.3/go.mod h1:wlp8ZLbsmrF6g6WjugPAx+IzoLrkdf9+mHxBEeo3Hbg=
github.com/stretchr/testify v1.11.1 h1:7s2iGBzp5EwR7/aIZr8ao5+dra3wiQyKjjFuvgVKu7U=
github.com/stretchr/testify v1.11.1/go.mod h1:wZwfW3scLgRK+23gO65QZefKpKQRnfz6sD981Nm4B6U=
github.com/supranational/blst v0.3.16/go.mod h1:jZJtfjgudtNl4en1tzwPIV3KjUnQUvG3/j+w+fVonLw=
github.com/syndtr/goleveldb v1.0.1-0.20220721030215-126854af5e6d/go.mod h1:RRCYJbIwD5jmqPI9XoAFR0OcDxqUctll6zUj/+B4S48=
github.com/thepudds/fzgen v0.4.3/go.mod h1:BhhwtRhzgvLWAjjcHDJ9pEiLD2Z9hrVIFjBCHJ//zJ4=
github.com/tinylib/msgp v1.6.4/go.mod h1:RSp0LW9oSxFut3KzESt5Voq4GVWyS+PSulT77roAqEA=
github.com/tklauser/go-sysconf v0.3.16/go.mod h1:/qNL9xxDhc7tx3HSRsLWNnuzbVfh3e7gh/BmM179nYI=
github.com/tklauser/numcpus v0.11.0/go.mod h1:z+LwcLq54uWZTX0u/bGobaV34u6V7KNlTZejzM6/3MQ=
github.com/urfave/cli/v2 v2.27.7/go.mod h1:CyNAG/xg+iAOg0N4MPGZqVmv2rCoP267496AOXUZjA4=
github.com/wlynxg/anet v0.0.5/go.mod h1:eay5PRQr7fIVAMbTbchTnO9gG65Hg/uYGdc7mguHxoA=
github.com/xrash/smetrics v0.0.0-20250705151800-55b8f293f342/go.mod h1:Ohn+xnUBiLI6FVj/9LpzZWtj1/D6lUovWYBkxHVV3aM=
github.com/yuin/goldmark v1.4.13/go.mod h1:6yULJ656Px+3vBD8DxQVa3kxgyrAnzto9xy5taEt/CY=
github.com/yusufpapurcu/wmi v1.2.4/go.mod h1:SBZ9tNy3G9/m5Oi98Zks0QjeHVDvuK0qfxQmPyzfmi0=
github.com/zeebo/assert v1.3.0/go.mod h1:Pq9JiuJQpG8JLJdtkwrJESF0Foym2/D9XMU5ciN/wJ0=
github.com/zeebo/blake3 v0.2.4/go.mod h1:7eeQ6d2iXWRGF6npfaxl2CU+xy2Fjo2gxeyZGCRUjcE=
go.opentelemetry.io/auto/sdk v1.2.1/go.mod h1:KRTj+aOaElaLi+wW1kO/DZRXwkF4C5xPbEe3ZiIhN7Y=
go.opentelemetry.io/otel v1.43.0/go.mod h1:JuG+u74mvjvcm8vj8pI5XiHy1zDeoCS2LB1spIq7Ay0=
go.opentelemetry.io/otel/metric v1.43.0/go.mod h1:RDnPtIxvqlgO8GRW18W6Z/4P462ldprJtfxHxyKd2PY=
go.opentelemetry.io/otel/trace v1.43.0/go.mod h1:/QJhyVBUUswCphDVxq+8mld+AvhXZLhe+8WVFxiFff0=
go.uber.org/automaxprocs v1.6.0/go.mod h1:ifeIMSnPZuznNm6jmdzmU3/bfk01Fe2fotchwEFJ8r8=
go.uber.org/goleak v1.3.0/go.mod h1:CoHD4mav9JJNrW/WLlf7HGZPjdw8EucARQHekz1X6bE=
go.uber.org/mock v0.6.0 h1:hyF9dfmbgIX5EfOdasqLsWD6xqpNZlXblLB/Dbnwv3Y=
go.uber.org/mock v0.6.0/go.mod h1:KiVJ4BqZJaMj4svdfmHM0AUx4NJYO8ZNpPnZn1Z+BBU=
go.uber.org/multierr v1.11.0/go.mod h1:20+QtiLqy0Nd6FdQB9TLXag12DsQkrbs3htMFfDN80Y=
go.uber.org/zap v1.27.1/go.mod h1:GB2qFLM7cTU87MWRP2mPIjqfIDnGu+VIO4V/SdhGo2E=
go.yaml.in/yaml/v2 v2.4.4/go.mod h1:gMZqIpDtDqOfM0uNfy0SkpRhvUryYH0Z6wdMYcacYXQ=
go.yaml.in/yaml/v3 v3.0.4/go.mod h1:DhzuOOF2ATzADvBadXxruRBLzYTpT36CKvDb3+aBEFg=
golang.org/x/crypto v0.0.0-20190308221718-c2843e01d9a2/go.mod h1:djNgcEr1/C05ACkg1iLfiJU5Ep61QUkGW8qpdssI0+w=
golang.org/x/crypto v0.0.0-20191011191535-87dc89f01550/go.mod h1:yigFU9vqHzYiE8UmvKecakEJjdnWj3jj499lnFckfCI=
golang.org/x/crypto v0.52.0 h1:RMs7fP2rXdep0CftQlK8Uf+kibLm7qkCcradZWYz988=
golang.org/x/crypto v0.52.0/go.mod h1:1QgfPxDqh0T2M/elOJtp9RvuR95kVjir0e6/BvEmGbc=
golang.org/x/exp v0.0.0-20260529124908-c761662dc8c9 h1:4d4PbuBNwaxMXkXI8yiIYjydtMU+04RHeuSxJdgKftM=
golang.org/x/exp v0.0.0-20260529124908-c761662dc8c9/go.mod h1:d2fgXJLVs4dYDHUk5lwMIfzRzSrWCfGZb0ZqeLa/Vcw=
golang.org/x/mod v0.1.1-0.20191105210325-c90efee705ee/go.mod h1:QqPTAvyqsEbceGzBzNggFXnrqF1CaUcvgkdR5Ot7KZg=
golang.org/x/mod v0.36.0 h1:JJjpVx6myfUsUdAzZuOSTTmRE0PfZeNWzzvKrP7amb4=
golang.org/x/mod v0.36.0/go.mod h1:moc6ELqsWcOw5Ef3xVprK5ul/MvtVvkIXLziUOICjUQ=
golang.org/x/net v0.0.0-20190404232315-eb5bcb51f2a3/go.mod h1:t9HGtf8HONx5eT2rtn7q6eTqICYqUVnKs3thJo3Qplg=
golang.org/x/net v0.0.0-20190620200207-3b0461eec859/go.mod h1:z5CRVTTTmAJ677TzLLGU+0bjPO0LkuOLi4/5GtJWs/s=
golang.org/x/net v0.0.0-20190923162816-aa69164e4478/go.mod h1:z5CRVTTTmAJ677TzLLGU+0bjPO0LkuOLi4/5GtJWs/s=
golang.org/x/net v0.0.0-20200114155413-6afb5195e5aa/go.mod h1:z5CRVTTTmAJ677TzLLGU+0bjPO0LkuOLi4/5GtJWs/s=
golang.org/x/net v0.55.0 h1:bcvxaJn3e1U6InsFWt1JUq1aSjnRxLzT2rtD2KfkDF8=
golang.org/x/net v0.55.0/go.mod h1:L5U2KuzuOe1lY7Z+aWVIKK6qEeJXnXV9yzGA+WCHJww=
golang.org/x/sync v0.0.0-20190423024810-112230192c58/go.mod h1:RxMgew5VJxzue5/jJTE5uejpjVlOe/izrB70Jof72aM=
golang.org/x/sync v0.20.0 h1:e0PTpb7pjO8GAtTs2dQ6jYa5BWYlMuX047Dco/pItO4=
golang.org/x/sync v0.20.0/go.mod h1:9xrNwdLfx4jkKbNva9FpL6vEN7evnE43NNNJQ2LF3+0=
golang.org/x/sys v0.0.0-20190215142949-d0b11bdaac8a/go.mod h1:STP8DvDyc/dI5b8T5hshtkjS+E42TnysNCUPdjciGhY=
golang.org/x/sys v0.0.0-20190412213103-97732733099d/go.mod h1:h1NjWce9XRLGQEsW7wpKNCjG9DtNlClVuFLEZdDNbEs=
golang.org/x/sys v0.0.0-20190924154521-2837fb4f24fe/go.mod h1:h1NjWce9XRLGQEsW7wpKNCjG9DtNlClVuFLEZdDNbEs=
golang.org/x/sys v0.0.0-20210124154548-22da62e12c0c/go.mod h1:h1NjWce9XRLGQEsW7wpKNCjG9DtNlClVuFLEZdDNbEs=
golang.org/x/sys v0.45.0 h1:dO4czNzziLiiXplLQgBCEpCvXQ3dnkn0SdaZSYdQ+FY=
golang.org/x/sys v0.45.0/go.mod h1:4GL1E5IUh+htKOUEOaiffhrAeqysfVGipDYzABqnCmw=
golang.org/x/telemetry v0.0.0-20260508192327-42602be52be6/go.mod h1:Eqhaxk/wZsWEH8CRxLwj6xzEJbz7k1EFGqx7nyCoabE=
golang.org/x/term v0.43.0/go.mod h1:lrhlHNdQJHO+1qVYiHfFKVuVioJIheAc3fBSMFYEIsk=
golang.org/x/text v0.3.0/go.mod h1:NqM8EUOU14njkJ3fqMW+pc6Ldnwhi/IjpwHt7yyuwOQ=
golang.org/x/text v0.37.0/go.mod h1:a5sjxXGs9hsn/AJVwuElvCAo9v8QYLzvavO5z2PiM38=
golang.org/x/time v0.15.0/go.mod h1:Y4YMaQmXwGQZoFaVFk4YpCt4FLQMYKZe9oeV/f4MSno=
golang.org/x/tools v0.0.0-20191216052735-49a3e744a425/go.mod h1:TB2adYChydJhpapKDTa4BR/hXlZSLoq2Wpct/0txZ28=
golang.org/x/tools v0.45.0 h1:18qN3FAooORvApf5XjCXgsuayZOEtXf6JK18I3+ONa8=
golang.org/x/tools v0.45.0/go.mod h1:LuUGqqaXcXMEFEruIVJVm5mgDD8vww/z/SR1gQ4uE/0=
golang.org/x/tools/go/expect v0.1.1-deprecated/go.mod h1:eihoPOH+FgIqa3FpoTwguz/bVUSGBlGQU67vpBeOrBY=
golang.org/x/tools/go/packages/packagestest v0.1.1-deprecated/go.mod h1:RVAQXBGNv1ib0J382/DPCRS/BPnsGebyM1Gj5VSDpG8=
golang.org/x/xerrors v0.0.0-20191011141410-1b5146add898/go.mod h1:I/5z698sn9Ka8TeJc9MKroUUfqBBauWjQqLJ2OPfmY0=
gonum.org/v1/gonum v0.17.0/go.mod h1:El3tOrEuMpv2UdMrbNlKEh9vd86bmQ6vqIcDwxEOc1E=
google.golang.org/protobuf v1.36.11 h1:fV6ZwhNocDyBLK0dj+fg8ektcVegBBuEolpbTQyBNVE=
google.golang.org/protobuf v1.36.11/go.mod h1:HTf+CrKn2C3g5S8VImy6tdcUvCska2kB7j23XfzDpco=
gopkg.in/check.v1 v1.0.0-20201130134442-10cb98267c6c/go.mod h1:JHkPIbrfpd72SG/EVd6muEfDQjcINNoR0C8j2r3qZ4Q=
gopkg.in/natefinch/lumberjack.v2 v2.2.1/go.mod h1:YD8tP3GAjkrDg1eZH7EGmyESg/lsYskCTPBJVb9jqSc=
gopkg.in/yaml.v2 v2.4.0/go.mod h1:RDklbk79AGWmwhnvt/jBztapEOGDOx6ZbXqjP6csGnQ=
gopkg.in/yaml.v3 v3.0.1 h1:fxVm/GzAzEWqLHuvctI91KS9hhNmmWOoWu0XTYJS7CA=
gopkg.in/yaml.v3 v3.0.1/go.mod h1:K4uyk7z7BCEPqu6E+C64Yfv1cQ7kz7rIZviUmN+EgEM=
