github.com/cenkalti/backoff v2.2.1+incompatible h1:tNowT99t7UNflLxfYYSlKYsBpXdEet03Pg2g16Swow4=
github.com/cenkalti/backoff v2.2.1+incompatible/go.mod h1:90ReRw6GdpyfrHakVjL/QHaoyV4aDUVVkXQJJJ3NXXM=
github.com/cloudflare/circl v1.6.3 h1:9GPOhQGF9MCYUeXyMYlqTR6a5gTrgR/fBLXvUgtVcg8=
github.com/cloudflare/circl v1.6.3/go.mod h1:2eXP6Qfat4O/Yhh8BznvKnJ+uzEoTQ6jVKJRn81BiS4=
github.com/davecgh/go-spew v1.1.2-0.20180830191138-d8f796af33cc h1:U9qPSI2PIWSS1VwoXQT9A3Wy9MM3WgvqSxFWenqJduM=
github.com/davecgh/go-spew v1.1.2-0.20180830191138-d8f796af33cc/go.mod h1:J7Y8YcW2NihsgmVo/mv3lAwl/skON4iLHjSsI+c5H38=
github.com/decred/dcrd/crypto/blake256 v1.1.0 h1:zPMNGQCm0g4QTY27fOCorQW7EryeQ/U0x++OzVrdms8=
github.com/decred/dcrd/crypto/blake256 v1.1.0/go.mod h1:2OfgNZ5wDpcsFmHmCK5gZTPcCXqlm2ArzUIkw9czNJo=
github.com/decred/dcrd/dcrec/secp256k1/v4 v4.4.1 h1:5RVFMOWjMyRy8cARdy79nAmgYw3hK/4HUq48LQ6Wwqo=
github.com/decred/dcrd/dcrec/secp256k1/v4 v4.4.1/go.mod h1:ZXNYxsqcloTdSy/rNShjYzMhyjf0LaoftYK0p+A3h40=
github.com/google/go-cmp v0.7.0 h1:wk8382ETsv4JYUZwIsn6YpYiWiBsYLSJiTsyBybVuN8=
github.com/google/go-cmp v0.7.0/go.mod h1:pXiqmnSA92OHEEa9HXL2W4E7lf9JzCmGVUdgjX3N/iU=
github.com/gorilla/rpc v1.2.1 h1:yC+LMV5esttgpVvNORL/xX4jvTTEUE30UZhZ5JF7K9k=
github.com/gorilla/rpc v1.2.1/go.mod h1:uNpOihAlF5xRFLuTYhfR0yfCTm0WTQSQttkMSptRfGk=
github.com/grandcat/zeroconf v1.0.0 h1:uHhahLBKqwWBV6WZUDAT71044vwOTL+McW0mBJvo6kE=
github.com/grandcat/zeroconf v1.0.0/go.mod h1:lTKmG1zh86XyCoUeIHSA4FJMBwCJiQmGfcP2PdzytEs=
github.com/herumi/bls-eth-go-binary v1.37.0 h1:EaLF+MWndrF3Vbd9VkbG0T9tad3wBbGwh+6kCYcY5QA=
github.com/herumi/bls-eth-go-binary v1.37.0/go.mod h1:luAnRm3OsMQeokhGzpYmc0ZKwawY7o87PUEP11Z7r7U=
github.com/holiman/uint256 v1.3.2 h1:a9EgMPSC1AAaj1SZL5zIQD3WbwTuHrMGOerLjGmM/TA=
github.com/holiman/uint256 v1.3.2/go.mod h1:EOMSn4q6Nyt9P6efbI3bueV4e1b3dGlUCXeiRV4ng7E=
github.com/kilic/bls12-381 v0.1.1-0.20220929213557-ca162e8a70f4 h1:xWK4TZ4bRL05WQUU/3x6TG1l+IYAqdXpAeSLt/zZJc4=
github.com/kilic/bls12-381 v0.1.1-0.20220929213557-ca162e8a70f4/go.mod h1:tlkavyke+Ac7h8R3gZIjI5LKBcvMlSWnXNMgT3vZXo8=
github.com/luxfi/accel v1.1.9 h1:Tsk6gXj2uKE19501bD0ajRYdeCHIlTGb6jYyLc+F8hc=
github.com/luxfi/accel v1.1.9/go.mod h1:K00BcnLzEYMPHwCFq8Tf/450ApmTs9xBVvYOnofJCkc=
github.com/luxfi/cache v1.2.1 h1:kAzOS55/hmYeNKR+0HAKv4ma48Y6JjkI8UQeqdZ8bfI=
github.com/luxfi/cache v1.2.1/go.mod h1:co7JTxZZHpKT31Yh01LFp5aZOxmoUg157FhBLQdQHVU=
github.com/luxfi/container v0.0.4 h1:BXhF82WyfqVP5mjlNcr7tP0Fcnvl0Ap1rkiu+rq5XuM=
github.com/luxfi/container v0.0.4/go.mod h1:Z3SpmMF5d4t77MM0nHYXURpn+EMVaeu1fhbd/3BGaek=
github.com/luxfi/crypto v1.19.17 h1:l2LLu7UFyICtJVfraLDLRi+lFGiDXKHSL18M9/m1gsQ=
github.com/luxfi/crypto v1.19.17/go.mod h1:INjdZtke85k8hX/QAmTMAY8bbZ4gzGZQLqURg3xf6Gk=
github.com/luxfi/geth v1.19.0 h1:TVIhzSBYclxvWFfrf9eaGFBOun1eawmTnnYz6m1MZV8=
github.com/luxfi/geth v1.19.0/go.mod h1:GV5bIMEgWviRN+jPXERyVpI16H3iHqPcdIokDoZdrvU=
github.com/luxfi/ids v1.2.15 h1:omE+E4+0Poj9DzM11ejSFgteaSQ3KDHi5g54iH6jcxI=
github.com/luxfi/ids v1.2.15/go.mod h1:Fj73K5xcblvdE0SxU/ip+jE8VqNdu+80548su5KJ7xI=
github.com/luxfi/math v1.4.1 h1:1t9bCCsEqnl9yIKrShlbs80DBKyYTWdnzkVfBqEeO7Q=
github.com/luxfi/math v1.4.1/go.mod h1:QvbRxauQyE1w4lvbcLSe6c8yeJz2Zj1Bq1rayGgs2tA=
github.com/luxfi/math/big v0.1.0 h1:Vz4c0RsZVPdIKPsHPgAJChH/R3p15WHRUz7LkLf+NIQ=
github.com/luxfi/math/big v0.1.0/go.mod h1:BuxSu22RbO93xBLk5Eam5nldFponoJ73xDFz4uJ3Huk=
github.com/luxfi/mdns v0.1.1 h1:g2eRr9AXcziPkkcd24M+Qu9ApEpoKKjfI79QSNqv0rQ=
github.com/luxfi/mdns v0.1.1/go.mod h1:dbp5f3h3aE7CGzwbaWzBM9cwdcekhmSrWhQevgYhhNA=
github.com/luxfi/metric v1.5.8 h1:axPwfq+erOlIue7IJp5g+hMcMtVhYHja9gJAaT3+KNA=
github.com/luxfi/metric v1.5.8/go.mod h1:fO2giazkg4NDtr72JM/QXJBYebplAMeWC1JoZyNDvKw=
github.com/luxfi/mock v0.1.1 h1:0HEtIjg1J6CWz+IUyP6rsGqNWTcmxjFnSQIhaDuARwY=
github.com/luxfi/mock v0.1.1/go.mod h1:jo35akl3Vtd8LbzDts8VJ0jmSVycrd1/eBi6g6t5hKU=
github.com/luxfi/pq v1.0.3 h1:ksw1dmfTR0dqqNMRS7BjGcprCO2Fhc+3Iiq2/NMuONw=
github.com/luxfi/pq v1.0.3/go.mod h1:8bppZcRElfrVt0n3nYCZW3iX1TvhvzNbdjNdK1irgIE=
github.com/luxfi/zap v0.7.2 h1:YecWTWNE5PPJXL56sLIkzS8b23bprUwZ5lPAQuLUtTE=
github.com/luxfi/zap v0.7.2/go.mod h1:1k+nwT+JW802YzuPAuf7CxMSGr/qxvbGgGwi5k6X9Ok=
github.com/miekg/dns v1.1.27/go.mod h1:KNUDUusw/aVsxyTYZM1oqvCicbwhgbNgztCETuNZ7xM=
github.com/miekg/dns v1.1.72 h1:vhmr+TF2A3tuoGNkLDFK9zi36F2LS+hKTRW0Uf8kbzI=
github.com/miekg/dns v1.1.72/go.mod h1:+EuEPhdHOsfk6Wk5TT2CzssZdqkmFhf8r+aVyDEToIs=
github.com/mr-tron/base58 v1.3.0 h1:K6Y13R2h+dku0wOqKtecgRnBUBPrZzLZy5aIj8lCcJI=
github.com/mr-tron/base58 v1.3.0/go.mod h1:2BuubE67DCSWwVfx37JWNG8emOC0sHEU4/HpcYgCLX8=
github.com/pkg/errors v0.9.1 h1:FEBLx1zS214owpjy7qsBeixbURkuhQAwrK5UwLGTwt4=
github.com/pkg/errors v0.9.1/go.mod h1:bwawxfHBFNV+L2hUp1rHADufV3IMtnDRdf1r5NINEl0=
github.com/pmezard/go-difflib v1.0.1-0.20181226105442-5d4384ee4fb2 h1:Jamvg5psRIccs7FGNTlIRMkT8wgtp5eCXdBlqhYGL6U=
github.com/pmezard/go-difflib v1.0.1-0.20181226105442-5d4384ee4fb2/go.mod h1:iKH77koFhYxTK1pcRnkKkqfTogsbg7gZNVY4sRDYZ/4=
github.com/protolambda/go-kzg v0.0.0-20221224134646-c91cee5e954e h1:Wed8Zc7HuSVNDJQy6ybac5/1fpRoyhMDcPvGlMjyIiY=
github.com/protolambda/go-kzg v0.0.0-20221224134646-c91cee5e954e/go.mod h1:7EhkBJFo/qJ9sToiW5baPqbyPo/TadVHn4iNdpwEW/w=
github.com/stretchr/testify v1.11.1 h1:7s2iGBzp5EwR7/aIZr8ao5+dra3wiQyKjjFuvgVKu7U=
github.com/stretchr/testify v1.11.1/go.mod h1:wZwfW3scLgRK+23gO65QZefKpKQRnfz6sD981Nm4B6U=
go.uber.org/mock v0.6.0 h1:hyF9dfmbgIX5EfOdasqLsWD6xqpNZlXblLB/Dbnwv3Y=
go.uber.org/mock v0.6.0/go.mod h1:KiVJ4BqZJaMj4svdfmHM0AUx4NJYO8ZNpPnZn1Z+BBU=
golang.org/x/crypto v0.0.0-20190308221718-c2843e01d9a2/go.mod h1:djNgcEr1/C05ACkg1iLfiJU5Ep61QUkGW8qpdssI0+w=
golang.org/x/crypto v0.0.0-20191011191535-87dc89f01550/go.mod h1:yigFU9vqHzYiE8UmvKecakEJjdnWj3jj499lnFckfCI=
golang.org/x/crypto v0.52.0 h1:RMs7fP2rXdep0CftQlK8Uf+kibLm7qkCcradZWYz988=
golang.org/x/crypto v0.52.0/go.mod h1:1QgfPxDqh0T2M/elOJtp9RvuR95kVjir0e6/BvEmGbc=
golang.org/x/exp v0.0.0-20260529124908-c761662dc8c9 h1:4d4PbuBNwaxMXkXI8yiIYjydtMU+04RHeuSxJdgKftM=
golang.org/x/exp v0.0.0-20260529124908-c761662dc8c9/go.mod h1:d2fgXJLVs4dYDHUk5lwMIfzRzSrWCfGZb0ZqeLa/Vcw=
golang.org/x/mod v0.1.1-0.20191105210325-c90efee705ee/go.mod h1:QqPTAvyqsEbceGzBzNggFXnrqF1CaUcvgkdR5Ot7KZg=
golang.org/x/mod v0.36.0 h1:JJjpVx6myfUsUdAzZuOSTTmRE0PfZeNWzzvKrP7amb4=
golang.org/x/mod v0.36.0/go.mod h1:moc6ELqsWcOw5Ef3xVprK5ul/MvtVvkIXLziUOICjUQ=
golang.org/x/net v0.0.0-20190404232315-eb5bcb51f2a3/go.mod h1:t9HGtf8HONx5eT2rtn7q6eTqICYqUVnKs3thJo3Qplg=
golang.org/x/net v0.0.0-20190620200207-3b0461eec859/go.mod h1:z5CRVTTTmAJ677TzLLGU+0bjPO0LkuOLi4/5GtJWs/s=
golang.org/x/net v0.0.0-20190923162816-aa69164e4478/go.mod h1:z5CRVTTTmAJ677TzLLGU+0bjPO0LkuOLi4/5GtJWs/s=
golang.org/x/net v0.0.0-20200114155413-6afb5195e5aa/go.mod h1:z5CRVTTTmAJ677TzLLGU+0bjPO0LkuOLi4/5GtJWs/s=
golang.org/x/net v0.55.0 h1:bcvxaJn3e1U6InsFWt1JUq1aSjnRxLzT2rtD2KfkDF8=
golang.org/x/net v0.55.0/go.mod h1:L5U2KuzuOe1lY7Z+aWVIKK6qEeJXnXV9yzGA+WCHJww=
golang.org/x/sync v0.0.0-20190423024810-112230192c58/go.mod h1:RxMgew5VJxzue5/jJTE5uejpjVlOe/izrB70Jof72aM=
golang.org/x/sync v0.20.0 h1:e0PTpb7pjO8GAtTs2dQ6jYa5BWYlMuX047Dco/pItO4=
golang.org/x/sync v0.20.0/go.mod h1:9xrNwdLfx4jkKbNva9FpL6vEN7evnE43NNNJQ2LF3+0=
golang.org/x/sys v0.0.0-20190215142949-d0b11bdaac8a/go.mod h1:STP8DvDyc/dI5b8T5hshtkjS+E42TnysNCUPdjciGhY=
golang.org/x/sys v0.0.0-20190412213103-97732733099d/go.mod h1:h1NjWce9XRLGQEsW7wpKNCjG9DtNlClVuFLEZdDNbEs=
golang.org/x/sys v0.0.0-20190924154521-2837fb4f24fe/go.mod h1:h1NjWce9XRLGQEsW7wpKNCjG9DtNlClVuFLEZdDNbEs=
golang.org/x/sys v0.0.0-20210124154548-22da62e12c0c/go.mod h1:h1NjWce9XRLGQEsW7wpKNCjG9DtNlClVuFLEZdDNbEs=
golang.org/x/sys v0.45.0 h1:dO4czNzziLiiXplLQgBCEpCvXQ3dnkn0SdaZSYdQ+FY=
golang.org/x/sys v0.45.0/go.mod h1:4GL1E5IUh+htKOUEOaiffhrAeqysfVGipDYzABqnCmw=
golang.org/x/text v0.3.0/go.mod h1:NqM8EUOU14njkJ3fqMW+pc6Ldnwhi/IjpwHt7yyuwOQ=
golang.org/x/tools v0.0.0-20191216052735-49a3e744a425/go.mod h1:TB2adYChydJhpapKDTa4BR/hXlZSLoq2Wpct/0txZ28=
golang.org/x/tools v0.45.0 h1:18qN3FAooORvApf5XjCXgsuayZOEtXf6JK18I3+ONa8=
golang.org/x/tools v0.45.0/go.mod h1:LuUGqqaXcXMEFEruIVJVm5mgDD8vww/z/SR1gQ4uE/0=
golang.org/x/xerrors v0.0.0-20191011141410-1b5146add898/go.mod h1:I/5z698sn9Ka8TeJc9MKroUUfqBBauWjQqLJ2OPfmY0=
google.golang.org/protobuf v1.36.11 h1:fV6ZwhNocDyBLK0dj+fg8ektcVegBBuEolpbTQyBNVE=
google.golang.org/protobuf v1.36.11/go.mod h1:HTf+CrKn2C3g5S8VImy6tdcUvCska2kB7j23XfzDpco=
gopkg.in/yaml.v3 v3.0.1 h1:fxVm/GzAzEWqLHuvctI91KS9hhNmmWOoWu0XTYJS7CA=
gopkg.in/yaml.v3 v3.0.1/go.mod h1:K4uyk7z7BCEPqu6E+C64Yfv1cQ7kz7rIZviUmN+EgEM=
